
Microsoft Visual Studio Solution File, Format Version 12.00
# Visual Studio Version 17
VisualStudioVersion = 17.14.36518.9 d17.14
MinimumVisualStudioVersion = 10.0.40219.1
Project("{FAE04EC0-301F-11D3-BF4B-00C04F79EFBC}") = "lift", "lift\lift.csproj", "{AF7F5494-17B8-4582-AC50-8A2B098BE424}"
EndProject
Global
	GlobalSection(SolutionConfigurationPlatforms) = preSolution
		Debug|Any CPU = Debug|Any CPU
		Release|Any CPU = Release|Any CPU
	EndGlobalSection
	GlobalSection(ProjectConfigurationPlatforms) = postSolution
		{AF7F5494-17B8-4582-AC50-8A2B098BE424}.Debug|Any CPU.ActiveCfg = Debug|Any CPU
		{AF7F5494-17B8-4582-AC50-8A2B098BE424}.Debug|Any CPU.Build.0 = Debug|Any CPU
		{AF7F5494-17B8-4582-AC50-8A2B098BE424}.Release|Any CPU.ActiveCfg = Release|Any CPU
		{AF7F5494-17B8-4582-AC50-8A2B098BE424}.Release|Any CPU.Build.0 = Release|Any CPU
	EndGlobalSection
	GlobalSection(SolutionProperties) = preSolution
		HideSolutionNode = FALSE
	EndGlobalSection
	GlobalSection(ExtensibilityGlobals) = postSolution
		SolutionGuid = {B1255106-B5C2-4043-B213-98B886C1EF08}
	EndGlobalSection
EndGlobal
